// !$*UTF8*$!
{
	archiveVersion = 1;
	classes = {
	};
	objectVersion = 50;
	objects = {

/* Begin PBXBuildFile section */
		1FF2EC6020FECBA8001F1F99 /* AppDelegate.swift in Sources */ = {isa = PBXBuildFile; fileRef = 1FF2EC5F20FECBA8001F1F99 /* AppDelegate.swift */; };
		1FF2EC6220FECBA8001F1F99 /* ViewController.swift in Sources */ = {isa = PBXBuildFile; fileRef = 1FF2EC6120FECBA8001F1F99 /* ViewController.swift */; };
		1FF2EC6520FECBA8001F1F99 /* Main.storyboard in Resources */ = {isa = PBXBuildFile; fileRef = 1FF2EC6320FECBA8001F1F99 /* Main.storyboard */; };
		1FF2EC6720FECBA9001F1F99 /* Assets.xcassets in Resources */ = {isa = PBXBuildFile; fileRef = 1FF2EC6620FECBA9001F1F99 /* Assets.xcassets */; };
		1FF2EC6A20FECBA9001F1F99 /* LaunchScreen.storyboard in Resources */ = {isa = PBXBuildFile; fileRef = 1FF2EC6820FECBA9001F1F99 /* LaunchScreen.storyboard */; };
		1FF2EC7520FECBA9001F1F99 /* MacroFitTests.swift in Sources */ = {isa = PBXBuildFile; fileRef = 1FF2EC7420FECBA9001F1F99 /* MacroFitTests.swift */; };
		1FF2EC8020FECBA9001F1F99 /* MacroFitUITests.swift in Sources */ = {isa = PBXBuildFile; fileRef = 1FF2EC7F20FECBA9001F1F99 /* MacroFitUITests.swift */; };
/* End PBXBuildFile section */

/* Begin PBXContainerItemProxy section */
		1FF2EC7120FECBA9001F1F99 /* PBXContainerItemProxy */ = {
			isa = PBXContainerItemProxy;
			containerPortal = 1FF2EC5420FECBA7001F1F99 /* Project object */;
			proxyType = 1;
			remoteGlobalIDString = 1FF2EC5B20FECBA8001F1F99;
			remoteInfo = MacroFit;
		};
		1FF2EC7C20FECBA9001F1F99 /* PBXContainerItemProxy */ = {
			isa = PBXContainerItemProxy;
			containerPortal = 1FF2EC5420FECBA7001F1F99 /* Project object */;
			proxyType = 1;
			remoteGlobalIDString = 1FF2EC5B20FECBA8001F1F99;
			remoteInfo = MacroFit;
		};
/* End PBXContainerItemProxy section */

/* Begin PBXFileReference section */
		1FF2EC5C20FECBA8001F1F99 /* MacroFit.app */ = {isa = PBXFileReference; explicitFileType = wrapper.application; includeInIndex = 0; path = MacroFit.app; sourceTree = BUILT_PRODUCTS_DIR; };
		1FF2EC5F20FECBA8001F1F99 /* AppDelegate.swift */ = {isa = PBXFileReference; lastKnownFileType = sourcecode.swift; path = AppDelegate.swift; sourceTree = "<group>"; };
		1FF2EC6120FECBA8001F1F99 /* ViewController.swift */ = {isa = PBXFileReference; lastKnownFileType = sourcecode.swift; path = ViewController.swift; sourceTree = "<group>"; };
		1FF2EC6420FECBA8001F1F99 /* Base */ = {isa = PBXFileReference; lastKnownFileType = file.storyboard; name = Base; path = Base.lproj/Main.storyboard; sourceTree = "<group>"; };
		1FF2EC6620FECBA9001F1F99 /* Assets.xcassets */ = {isa = PBXFileReference; lastKnownFileType = folder.assetcatalog; path = Assets.xcassets; sourceTree = "<group>"; };
		1FF2EC6920FECBA9001F1F99 /* Base */ = {isa = PBXFileReference; lastKnownFileType = file.storyboard; name = Base; path = Base.lproj/LaunchScreen.storyboard; sourceTree = "<group>"; };
		1FF2EC6B20FECBA9001F1F99 /* Info.plist */ = {isa = PBXFileReference; lastKnownFileType = text.plist.xml; path = Info.plist; sourceTree = "<group>"; };
		1FF2EC7020FECBA9001F1F99 /* MacroFitTests.xctest */ = {isa = PBXFileReference; explicitFileType = wrapper.cfbundle; includeInIndex = 0; path = MacroFitTests.xctest; sourceTree = BUILT_PRODUCTS_DIR; };
		1FF2EC7420FECBA9001F1F99 /* MacroFitTests.swift */ = {isa = PBXFileReference; lastKnownFileType = sourcecode.swift; path = MacroFitTests.swift; sourceTree = "<group>"; };
		1FF2EC7620FECBA9001F1F99 /* Info.plist */ = {isa = PBXFileReference; lastKnownFileType = text.plist.xml; path = Info.plist; sourceTree = "<group>"; };
		1FF2EC7B20FECBA9001F1F99 /* MacroFitUITests.xctest */ = {isa = PBXFileReference; explicitFileType = wrapper.cfbundle; includeInIndex = 0; path = MacroFitUITests.xctest; sourceTree = BUILT_PRODUCTS_DIR; };
		1FF2EC7F20FECBA9001F1F99 /* MacroFitUITests.swift */ = {isa = PBXFileReference; lastKnownFileType = sourcecode.swift; path = MacroFitUITests.swift; sourceTree = "<group>"; };
		1FF2EC8120FECBA9001F1F99 /* Info.plist */ = {isa = PBXFileReference; lastKnownFileType = text.plist.xml; path = Info.plist; sourceTree = "<group>"; };
/* End PBXFileReference section */

/* Begin PBXFrameworksBuildPhase section */
		1FF2EC5920FECBA8001F1F99 /* Frameworks */ = {
			isa = PBXFrameworksBuildPhase;
			buildActionMask = 2147483647;
			files = (
			);
			runOnlyForDeploymentPostprocessing = 0;
		};
		1FF2EC6D20FECBA9001F1F99 /* Frameworks */ = {
			isa = PBXFrameworksBuildPhase;
			buildActionMask = 2147483647;
			files = (
			);
			runOnlyForDeploymentPostprocessing = 0;
		};
		1FF2EC7820FECBA9001F1F99 /* Frameworks */ = {
			isa = PBXFrameworksBuildPhase;
			buildActionMask = 2147483647;
			files = (
			);
			runOnlyForDeploymentPostprocessing = 0;
		};
/* End PBXFrameworksBuildPhase section */

/* Begin PBXGroup section */
		1FF2EC5320FECBA7001F1F99 = {
			isa = PBXGroup;
			children = (
				1FF2EC5E20FECBA8001F1F99 /* MacroFit */,
				1FF2EC7320FECBA9001F1F99 /* MacroFitTests */,
				1FF2EC7E20FECBA9001F1F99 /* MacroFitUITests */,
				1FF2EC5D20FECBA8001F1F99 /* Products */,
			);
			sourceTree = "<group>";
		};
		1FF2EC5D20FECBA8001F1F99 /* Products */ = {
			isa = PBXGroup;
			children = (
				1FF2EC5C20FECBA8001F1F99 /* MacroFit.app */,
				1FF2EC7020FECBA9001F1F99 /* MacroFitTests.xctest */,
				1FF2EC7B20FECBA9001F1F99 /* MacroFitUITests.xctest */,
			);
			name = Products;
			sourceTree = "<group>";
		};
		1FF2EC5E20FECBA8001F1F99 /* MacroFit */ = {
			isa = PBXGroup;
			children = (
				1FF2EC9020FECBCC001F1F99 /* Supporting Files */,
				1FF2EC8F20FECBC6001F1F99 /* Controller */,
				1FF2EC8E20FECBC1001F1F99 /* View */,
				1FF2EC8D20FECBB9001F1F99 /* Model */,
				1FF2EC6620FECBA9001F1F99 /* Assets.xcassets */,
			);
			path = MacroFit;
			sourceTree = "<group>";
		};
		1FF2EC7320FECBA9001F1F99 /* MacroFitTests */ = {
			isa = PBXGroup;
			children = (
				1FF2EC7420FECBA9001F1F99 /* MacroFitTests.swift */,
				1FF2EC7620FECBA9001F1F99 /* Info.plist */,
			);
			path = MacroFitTests;
			sourceTree = "<group>";
		};
		1FF2EC7E20FECBA9001F1F99 /* MacroFitUITests */ = {
			isa = PBXGroup;
			children = (
				1FF2EC7F20FECBA9001F1F99 /* MacroFitUITests.swift */,
				1FF2EC8120FECBA9001F1F99 /* Info.plist */,
			);
			path = MacroFitUITests;
			sourceTree = "<group>";
		};
		1FF2EC8D20FECBB9001F1F99 /* Model */ = {
			isa = PBXGroup;
			children = (
			);
			path = Model;
			sourceTree = "<group>";
		};
		1FF2EC8E20FECBC1001F1F99 /* View */ = {
			isa = PBXGroup;
			children = (
				1FF2EC6820FECBA9001F1F99 /* LaunchScreen.storyboard */,
				1FF2EC6320FECBA8001F1F99 /* Main.storyboard */,
			);
			path = View;
			sourceTree = "<group>";
		};
		1FF2EC8F20FECBC6001F1F99 /* Controller */ = {
			isa = PBXGroup;
			children = (
				1FF2EC6120FECBA8001F1F99 /* ViewController.swift */,
			);
			path = Controller;
			sourceTree = "<group>";
		};
		1FF2EC9020FECBCC001F1F99 /* Supporting Files */ = {
			isa = PBXGroup;
			children = (
				1FF2EC6B20FECBA9001F1F99 /* Info.plist */,
				1FF2EC5F20FECBA8001F1F99 /* AppDelegate.swift */,
			);
			path = "Supporting Files";
			sourceTree = "<group>";
		};
/* End PBXGroup section */

/* Begin PBXNativeTarget section */
		1FF2EC5B20FECBA8001F1F99 /* MacroFit */ = {
			isa = PBXNativeTarget;
			buildConfigurationList = 1FF2EC8420FECBA9001F1F99 /* Build configuration list for PBXNativeTarget "MacroFit" */;
			buildPhases = (
				1FF2EC5820FECBA8001F1F99 /* Sources */,
				1FF2EC5920FECBA8001F1F99 /* Frameworks */,
				1FF2EC5A20FECBA8001F1F99 /* Resources */,
			);
			buildRules = (
			);
			dependencies = (
			);
			name = MacroFit;
			productName = MacroFit;
			productReference = 1FF2EC5C20FECBA8001F1F99 /* MacroFit.app */;
			productType = "com.apple.product-type.application";
		};
		1FF2EC6F20FECBA9001F1F99 /* MacroFitTests */ = {
			isa = PBXNativeTarget;
			buildConfigurationList = 1FF2EC8720FECBA9001F1F99 /* Build configuration list for PBXNativeTarget "MacroFitTests" */;
			buildPhases = (
				1FF2EC6C20FECBA9001F1F99 /* Sources */,
				1FF2EC6D20FECBA9001F1F99 /* Frameworks */,
				1FF2EC6E20FECBA9001F1F99 /* Resources */,
			);
			buildRules = (
			);
			dependencies = (
				1FF2EC7220FECBA9001F1F99 /* PBXTargetDependency */,
			);
			name = MacroFitTests;
			productName = MacroFitTests;
			productReference = 1FF2EC7020FECBA9001F1F99 /* MacroFitTests.xctest */;
			productType = "com.apple.product-type.bundle.unit-test";
		};
		1FF2EC7A20FECBA9001F1F99 /* MacroFitUITests */ = {
			isa = PBXNativeTarget;
			buildConfigurationList = 1FF2EC8A20FECBA9001F1F99 /* Build configuration list for PBXNativeTarget "MacroFitUITests" */;
			buildPhases = (
				1FF2EC7720FECBA9001F1F99 /* Sources */,
				1FF2EC7820FECBA9001F1F99 /* Frameworks */,
				1FF2EC7920FECBA9001F1F99 /* Resources */,
			);
			buildRules = (
			);
			dependencies = (
				1FF2EC7D20FECBA9001F1F99 /* PBXTargetDependency */,
			);
			name = MacroFitUITests;
			productName = MacroFitUITests;
			productReference = 1FF2EC7B20FECBA9001F1F99 /* MacroFitUITests.xctest */;
			productType = "com.apple.product-type.bundle.ui-testing";
		};
/* End PBXNativeTarget section */

/* Begin PBXProject section */
		1FF2EC5420FECBA7001F1F99 /* Project object */ = {
			isa = PBXProject;
			attributes = {
				LastSwiftUpdateCheck = 0940;
				LastUpgradeCheck = 0940;
				ORGANIZATIONNAME = "Jeffrey Hsu";
				TargetAttributes = {
					1FF2EC5B20FECBA8001F1F99 = {
						CreatedOnToolsVersion = 9.4.1;
					};
					1FF2EC6F20FECBA9001F1F99 = {
						CreatedOnToolsVersion = 9.4.1;
						TestTargetID = 1FF2EC5B20FECBA8001F1F99;
					};
					1FF2EC7A20FECBA9001F1F99 = {
						CreatedOnToolsVersion = 9.4.1;
						TestTargetID = 1FF2EC5B20FECBA8001F1F99;
					};
				};
			};
			buildConfigurationList = 1FF2EC5720FECBA7001F1F99 /* Build configuration list for PBXProject "MacroFit" */;
			compatibilityVersion = "Xcode 9.3";
			developmentRegion = en;
			hasScannedForEncodings = 0;
			knownRegions = (
				en,
				Base,
			);
			mainGroup = 1FF2EC5320FECBA7001F1F99;
			productRefGroup = 1FF2EC5D20FECBA8001F1F99 /* Products */;
			projectDirPath = "";
			projectRoot = "";
			targets = (
				1FF2EC5B20FECBA8001F1F99 /* MacroFit */,
				1FF2EC6F20FECBA9001F1F99 /* MacroFitTests */,
				1FF2EC7A20FECBA9001F1F99 /* MacroFitUITests */,
			);
		};
/* End PBXProject section */

/* Begin PBXResourcesBuildPhase section */
		1FF2EC5A20FECBA8001F1F99 /* Resources */ = {
			isa = PBXResourcesBuildPhase;
			buildActionMask = 2147483647;
			files = (
				1FF2EC6A20FECBA9001F1F99 /* LaunchScreen.storyboard in Resources */,
				1FF2EC6720FECBA9001F1F99 /* Assets.xcassets in Resources */,
				1FF2EC6520FECBA8001F1F99 /* Main.storyboard in Resources */,
			);
			runOnlyForDeploymentPostprocessing = 0;
		};
		1FF2EC6E20FECBA9001F1F99 /* Resources */ = {
			isa = PBXResourcesBuildPhase;
			buildActionMask = 2147483647;
			files = (
			);
			runOnlyForDeploymentPostprocessing = 0;
		};
		1FF2EC7920FECBA9001F1F99 /* Resources */ = {
			isa = PBXResourcesBuildPhase;
			buildActionMask = 2147483647;
			files = (
			);
			runOnlyForDeploymentPostprocessing = 0;
		};
/* End PBXResourcesBuildPhase section */

/* Begin PBXSourcesBuildPhase section */
		1FF2EC5820FECBA8001F1F99 /* Sources */ = {
			isa = PBXSourcesBuildPhase;
			buildActionMask = 2147483647;
			files = (
				1FF2EC6220FECBA8001F1F99 /* ViewController.swift in Sources */,
				1FF2EC6020FECBA8001F1F99 /* AppDelegate.swift in Sources */,
			);
			runOnlyForDeploymentPostprocessing = 0;
		};
		1FF2EC6C20FECBA9001F1F99 /* Sources */ = {
			isa = PBXSourcesBuildPhase;
			buildActionMask = 2147483647;
			files = (
				1FF2EC7520FECBA9001F1F99 /* MacroFitTests.swift in Sources */,
			);
			runOnlyForDeploymentPostprocessing = 0;
		};
		1FF2EC7720FECBA9001F1F99 /* Sources */ = {
			isa = PBXSourcesBuildPhase;
			buildActionMask = 2147483647;
			files = (
				1FF2EC8020FECBA9001F1F99 /* MacroFitUITests.swift in Sources */,
			);
			runOnlyForDeploymentPostprocessing = 0;
		};
/* End PBXSourcesBuildPhase section */

/* Begin PBXTargetDependency section */
		1FF2EC7220FECBA9001F1F99 /* PBXTargetDependency */ = {
			isa = PBXTargetDependency;
			target = 1FF2EC5B20FECBA8001F1F99 /* MacroFit */;
			targetProxy = 1FF2EC7120FECBA9001F1F99 /* PBXContainerItemProxy */;
		};
		1FF2EC7D20FECBA9001F1F99 /* PBXTargetDependency */ = {
			isa = PBXTargetDependency;
			target = 1FF2EC5B20FECBA8001F1F99 /* MacroFit */;
			targetProxy = 1FF2EC7C20FECBA9001F1F99 /* PBXContainerItemProxy */;
		};
/* End PBXTargetDependency section */

/* Begin PBXVariantGroup section */
		1FF2EC6320FECBA8001F1F99 /* Main.storyboard */ = {
			isa = PBXVariantGroup;
			children = (
				1FF2EC6420FECBA8001F1F99 /* Base */,
			);
			name = Main.storyboard;
			sourceTree = "<group>";
		};
		1FF2EC6820FECBA9001F1F99 /* LaunchScreen.storyboard */ = {
			isa = PBXVariantGroup;
			children = (
				1FF2EC6920FECBA9001F1F99 /* Base */,
			);
			name = LaunchScreen.storyboard;
			sourceTree = "<group>";
		};
/* End PBXVariantGroup section */

/* Begin XCBuildConfiguration section */
		1FF2EC8220FECBA9001F1F99 /* Debug */ = {
			isa = XCBuildConfiguration;
			buildSettings = {
				ALWAYS_SEARCH_USER_PATHS = NO;
				CLANG_ANALYZER_NONNULL = YES;
				CLANG_ANALYZER_NUMBER_OBJECT_CONVERSION = YES_AGGRESSIVE;
				CLANG_CXX_LANGUAGE_STANDARD = "gnu++14";
				CLANG_CXX_LIBRARY = "libc++";
				CLANG_ENABLE_MODULES = YES;
				CLANG_ENABLE_OBJC_ARC = YES;
				CLANG_ENABLE_OBJC_WEAK = YES;
				CLANG_WARN_BLOCK_CAPTURE_AUTORELEASING = YES;
				CLANG_WARN_BOOL_CONVERSION = YES;
				CLANG_WARN_COMMA = YES;
				CLANG_WARN_CONSTANT_CONVERSION = YES;
				CLANG_WARN_DEPRECATED_OBJC_IMPLEMENTATIONS = YES;
				CLANG_WARN_DIRECT_OBJC_ISA_USAGE = YES_ERROR;
				CLANG_WARN_DOCUMENTATION_COMMENTS = YES;
				CLANG_WARN_EMPTY_BODY = YES;
				CLANG_WARN_ENUM_CONVERSION = YES;
				CLANG_WARN_INFINITE_RECURSION = YES;
				CLANG_WARN_INT_CONVERSION = YES;
				CLANG_WARN_NON_LITERAL_NULL_CONVERSION = YES;
				CLANG_WARN_OBJC_IMPLICIT_RETAIN_SELF = YES;
				CLANG_WARN_OBJC_LITERAL_CONVERSION = YES;
				CLANG_WARN_OBJC_ROOT_CLASS = YES_ERROR;
				CLANG_WARN_RANGE_LOOP_ANALYSIS = YES;
				CLANG_WARN_STRICT_PROTOTYPES = YES;
				CLANG_WARN_SUSPICIOUS_MOVE = YES;
				CLANG_WARN_UNGUARDED_AVAILABILITY = YES_AGGRESSIVE;
				CLANG_WARN_UNREACHABLE_CODE = YES;
				CLANG_WARN__DUPLICATE_METHOD_MATCH = YES;
				CODE_SIGN_IDENTITY = "iPhone Developer";
				COPY_PHASE_STRIP = NO;
				DEBUG_INFORMATION_FORMAT = dwarf;
				ENABLE_STRICT_OBJC_MSGSEND = YES;
				ENABLE_TESTABILITY = YES;
				GCC_C_LANGUAGE_STANDARD = gnu11;
				GCC_DYNAMIC_NO_PIC = NO;
				GCC_NO_COMMON_BLOCKS = YES;
				GCC_OPTIMIZATION_LEVEL = 0;
				GCC_PREPROCESSOR_DEFINITIONS = (
					"DEBUG=1",
					"$(inherited)",
				);
				GCC_WARN_64_TO_32_BIT_CONVERSION = YES;
				GCC_WARN_ABOUT_RETURN_TYPE = YES_ERROR;
				GCC_WARN_UNDECLARED_SELECTOR = YES;
				GCC_WARN_UNINITIALIZED_AUTOS = YES_AGGRESSIVE;
				GCC_WARN_UNUSED_FUNCTION = YES;
				GCC_WARN_UNUSED_VARIABLE = YES;
				IPHONEOS_DEPLOYMENT_TARGET = 11.4;
				MTL_ENABLE_DEBUG_INFO = YES;
				ONLY_ACTIVE_ARCH = YES;
				SDKROOT = iphoneos;
				SWIFT_ACTIVE_COMPILATION_CONDITIONS = DEBUG;
				SWIFT_OPTIMIZATION_LEVEL = "-Onone";
			};
			name = Debug;
		};
		1FF2EC8320FECBA9001F1F99 /* Release */ = {
			isa = XCBuildConfiguration;
			buildSettings = {
				ALWAYS_SEARCH_USER_PATHS = NO;
				CLANG_ANALYZER_NONNULL = YES;
				CLANG_ANALYZER_NUMBER_OBJECT_CONVERSION = YES_AGGRESSIVE;
				CLANG_CXX_LANGUAGE_STANDARD = "gnu++14";
				CLANG_CXX_LIBRARY = "libc++";
				CLANG_ENABLE_MODULES = YES;
				CLANG_ENABLE_OBJC_ARC = YES;
				CLANG_ENABLE_OBJC_WEAK = YES;
				CLANG_WARN_BLOCK_CAPTURE_AUTORELEASING = YES;
				CLANG_WARN_BOOL_CONVERSION = YES;
				CLANG_WARN_COMMA = YES;
				CLANG_WARN_CONSTANT_CONVERSION = YES;
				CLANG_WARN_DEPRECATED_OBJC_IMPLEMENTATIONS = YES;
				CLANG_WARN_DIRECT_OBJC_ISA_USAGE = YES_ERROR;
				CLANG_WARN_DOCUMENTATION_COMMENTS = YES;
				CLANG_WARN_EMPTY_BODY = YES;
				CLANG_WARN_ENUM_CONVERSION = YES;
				CLANG_WARN_INFINITE_RECURSION = YES;
				CLANG_WARN_INT_CONVERSION = YES;
				CLANG_WARN_NON_LITERAL_NULL_CONVERSION = YES;
				CLANG_WARN_OBJC_IMPLICIT_RETAIN_SELF = YES;
				CLANG_WARN_OBJC_LITERAL_CONVERSION = YES;
				CLANG_WARN_OBJC_ROOT_CLASS = YES_ERROR;
				CLANG_WARN_RANGE_LOOP_ANALYSIS = YES;
				CLANG_WARN_STRICT_PROTOTYPES = YES;
				CLANG_WARN_SUSPICIOUS_MOVE = YES;
				CLANG_WARN_UNGUARDED_AVAILABILITY = YES_AGGRESSIVE;
				CLANG_WARN_UNREACHABLE_CODE = YES;
				CLANG_WARN__DUPLICATE_METHOD_MATCH = YES;
				CODE_SIGN_IDENTITY = "iPhone Developer";
				COPY_PHASE_STRIP = NO;
				DEBUG_INFORMATION_FORMAT = "dwarf-with-dsym";
				ENABLE_NS_ASSERTIONS = NO;
				ENABLE_STRICT_OBJC_MSGSEND = YES;
				GCC_C_LANGUAGE_STANDARD = gnu11;
				GCC_NO_COMMON_BLOCKS = YES;
				GCC_WARN_64_TO_32_BIT_CONVERSION = YES;
				GCC_WARN_ABOUT_RETURN_TYPE = YES_ERROR;
				GCC_WARN_UNDECLARED_SELECTOR = YES;
				GCC_WARN_UNINITIALIZED_AUTOS = YES_AGGRESSIVE;
				GCC_WARN_UNUSED_FUNCTION = YES;
				GCC_WARN_UNUSED_VARIABLE = YES;
				IPHONEOS_DEPLOYMENT_TARGET = 11.4;
				MTL_ENABLE_DEBUG_INFO = NO;
				SDKROOT = iphoneos;
				SWIFT_COMPILATION_MODE = wholemodule;
				SWIFT_OPTIMIZATION_LEVEL = "-O";
				VALIDATE_PRODUCT = YES;
			};
			name = Release;
		};
		1FF2EC8520FECBA9001F1F99 /* Debug */ = {
			isa = XCBuildConfiguration;
			buildSettings = {
				ASSETCATALOG_COMPILER_APPICON_NAME = AppIcon;
				CODE_SIGN_STYLE = Automatic;
				INFOPLIST_FILE = MacroFit/Info.plist;
				LD_RUNPATH_SEARCH_PATHS = (
					"$(inherited)",
					"@executable_path/Frameworks",
				);
				PRODUCT_BUNDLE_IDENTIFIER = "Jeffrey-Hsu.MacroFit";
				PRODUCT_NAME = "$(TARGET_NAME)";
				SWIFT_VERSION = 4.0;
				TARGETED_DEVICE_FAMILY = "1,2";
			};
			name = Debug;
		};
		1FF2EC8620FECBA9001F1F99 /* Release */ = {
			isa = XCBuildConfiguration;
			buildSettings = {
				ASSETCATALOG_COMPILER_APPICON_NAME = AppIcon;
				CODE_SIGN_STYLE = Automatic;
				INFOPLIST_FILE = MacroFit/Info.plist;
				LD_RUNPATH_SEARCH_PATHS = (
					"$(inherited)",
					"@executable_path/Frameworks",
				);
				PRODUCT_BUNDLE_IDENTIFIER = "Jeffrey-Hsu.MacroFit";
				PRODUCT_NAME = "$(TARGET_NAME)";
				SWIFT_VERSION = 4.0;
				TARGETED_DEVICE_FAMILY = "1,2";
			};
			name = Release;
		};
		1FF2EC8820FECBA9001F1F99 /* Debug */ = {
			isa = XCBuildConfiguration;
			buildSettings = {
				ALWAYS_EMBED_SWIFT_STANDARD_LIBRARIES = YES;
				BUNDLE_LOADER = "$(TEST_HOST)";
				CODE_SIGN_STYLE = Automatic;
				INFOPLIST_FILE = MacroFitTests/Info.plist;
				LD_RUNPATH_SEARCH_PATHS = (
					"$(inherited)",
					"@executable_path/Frameworks",
					"@loader_path/Frameworks",
				);
				PRODUCT_BUNDLE_IDENTIFIER = "Jeffrey-Hsu.MacroFitTests";
				PRODUCT_NAME = "$(TARGET_NAME)";
				SWIFT_VERSION = 4.0;
				TARGETED_DEVICE_FAMILY = "1,2";
				TEST_HOST = "$(BUILT_PRODUCTS_DIR)/MacroFit.app/MacroFit";
			};
			name = Debug;
		};
		1FF2EC8920FECBA9001F1F99 /* Release */ = {
			isa = XCBuildConfiguration;
			buildSettings = {
				ALWAYS_EMBED_SWIFT_STANDARD_LIBRARIES = YES;
				BUNDLE_LOADER = "$(TEST_HOST)";
				CODE_SIGN_STYLE = Automatic;
				INFOPLIST_FILE = MacroFitTests/Info.plist;
				LD_RUNPATH_SEARCH_PATHS = (
					"$(inherited)",
					"@executable_path/Frameworks",
					"@loader_path/Frameworks",
				);
				PRODUCT_BUNDLE_IDENTIFIER = "Jeffrey-Hsu.MacroFitTests";
				PRODUCT_NAME = "$(TARGET_NAME)";
				SWIFT_VERSION = 4.0;
				TARGETED_DEVICE_FAMILY = "1,2";
				TEST_HOST = "$(BUILT_PRODUCTS_DIR)/MacroFit.app/MacroFit";
			};
			name = Release;
		};
		1FF2EC8B20FECBA9001F1F99 /* Debug */ = {
			isa = XCBuildConfiguration;
			buildSettings = {
				ALWAYS_EMBED_SWIFT_STANDARD_LIBRARIES = YES;
				CODE_SIGN_STYLE = Automatic;
				INFOPLIST_FILE = MacroFitUITests/Info.plist;
				LD_RUNPATH_SEARCH_PATHS = (
					"$(inherited)",
					"@executable_path/Frameworks",
					"@loader_path/Frameworks",
				);
				PRODUCT_BUNDLE_IDENTIFIER = "Jeffrey-Hsu.MacroFitUITests";
				PRODUCT_NAME = "$(TARGET_NAME)";
				SWIFT_VERSION = 4.0;
				TARGETED_DEVICE_FAMILY = "1,2";
				TEST_TARGET_NAME = MacroFit;
			};
			name = Debug;
		};
		1FF2EC8C20FECBA9001F1F99 /* Release */ = {
			isa = XCBuildConfiguration;
			buildSettings = {
				ALWAYS_EMBED_SWIFT_STANDARD_LIBRARIES = YES;
				CODE_SIGN_STYLE = Automatic;
				INFOPLIST_FILE = MacroFitUITests/Info.plist;
				LD_RUNPATH_SEARCH_PATHS = (
					"$(inherited)",
					"@executable_path/Frameworks",
					"@loader_path/Frameworks",
				);
				PRODUCT_BUNDLE_IDENTIFIER = "Jeffrey-Hsu.MacroFitUITests";
				PRODUCT_NAME = "$(TARGET_NAME)";
				SWIFT_VERSION = 4.0;
				TARGETED_DEVICE_FAMILY = "1,2";
				TEST_TARGET_NAME = MacroFit;
			};
			name = Release;
		};
/* End XCBuildConfiguration section */

/* Begin XCConfigurationList section */
		1FF2EC5720FECBA7001F1F99 /* Build configuration list for PBXProject "MacroFit" */ = {
			isa = XCConfigurationList;
			buildConfigurations = (
				1FF2EC8220FECBA9001F1F99 /* Debug */,
				1FF2EC8320FECBA9001F1F99 /* Release */,
			);
			defaultConfigurationIsVisible = 0;
			defaultConfigurationName = Release;
		};
		1FF2EC8420FECBA9001F1F99 /* Build configuration list for PBXNativeTarget "MacroFit" */ = {
			isa = XCConfigurationList;
			buildConfigurations = (
				1FF2EC8520FECBA9001F1F99 /* Debug */,
				1FF2EC8620FECBA9001F1F99 /* Release */,
			);
			defaultConfigurationIsVisible = 0;
			defaultConfigurationName = Release;
		};
		1FF2EC8720FECBA9001F1F99 /* Build configuration list for PBXNativeTarget "MacroFitTests" */ = {
			isa = XCConfigurationList;
			buildConfigurations = (
				1FF2EC8820FECBA9001F1F99 /* Debug */,
				1FF2EC8920FECBA9001F1F99 /* Release */,
			);
			defaultConfigurationIsVisible = 0;
			defaultConfigurationName = Release;
		};
		1FF2EC8A20FECBA9001F1F99 /* Build configuration list for PBXNativeTarget "MacroFitUITests" */ = {
			isa = XCConfigurationList;
			buildConfigurations = (
				1FF2EC8B20FECBA9001F1F99 /* Debug */,
				1FF2EC8C20FECBA9001F1F99 /* Release */,
			);
			defaultConfigurationIsVisible = 0;
			defaultConfigurationName = Release;
		};
/* End XCConfigurationList section */
	};
	rootObject = 1FF2EC5420FECBA7001F1F99 /* Project object */;
}
